
Microsoft Visual Studio Solution File, Format Version 12.00
# Visual Studio Version 17
VisualStudioVersion = 17.5.33516.290
MinimumVisualStudioVersion = 10.0.40219.1
Project("{FAE04EC0-301F-11D3-BF4B-00C04F79EFBC}") = "RedditWebApi", "RedditWebApi\RedditWebApi.csproj", "{8B12FF4E-01B6-4D93-A838-B645D593FD5D}"
EndProject
Project("{FAE04EC0-301F-11D3-BF4B-00C04F79EFBC}") = "RedditHelper", "RedditHelper\RedditHelper.csproj", "{7747A4E7-7350-42A8-AF39-E126F9DCB373}"
EndProject
Project("{FAE04EC0-301F-11D3-BF4B-00C04F79EFBC}") = "DataService", "DataService\DataService.csproj", "{9F8FAC06-F4EB-4294-A7EB-E5685B5EF881}"
EndProject
Global
	GlobalSection(SolutionConfigurationPlatforms) = preSolution
		Debug|Any CPU = Debug|Any CPU
		Release|Any CPU = Release|Any CPU
	EndGlobalSection
	GlobalSection(ProjectConfigurationPlatforms) = postSolution
		{8B12FF4E-01B6-4D93-A838-B645D593FD5D}.Debug|Any CPU.ActiveCfg = Debug|Any CPU
		{8B12FF4E-01B6-4D93-A838-B645D593FD5D}.Debug|Any CPU.Build.0 = Debug|Any CPU
		{8B12FF4E-01B6-4D93-A838-B645D593FD5D}.Release|Any CPU.ActiveCfg = Release|Any CPU
		{8B12FF4E-01B6-4D93-A838-B645D593FD5D}.Release|Any CPU.Build.0 = Release|Any CPU
		{7747A4E7-7350-42A8-AF39-E126F9DCB373}.Debug|Any CPU.ActiveCfg = Debug|Any CPU
		{7747A4E7-7350-42A8-AF39-E126F9DCB373}.Debug|Any CPU.Build.0 = Debug|Any CPU
		{7747A4E7-7350-42A8-AF39-E126F9DCB373}.Release|Any CPU.ActiveCfg = Release|Any CPU
		{7747A4E7-7350-42A8-AF39-E126F9DCB373}.Release|Any CPU.Build.0 = Release|Any CPU
		{9F8FAC06-F4EB-4294-A7EB-E5685B5EF881}.Debug|Any CPU.ActiveCfg = Debug|Any CPU
		{9F8FAC06-F4EB-4294-A7EB-E5685B5EF881}.Debug|Any CPU.Build.0 = Debug|Any CPU
		{9F8FAC06-F4EB-4294-A7EB-E5685B5EF881}.Release|Any CPU.ActiveCfg = Release|Any CPU
		{9F8FAC06-F4EB-4294-A7EB-E5685B5EF881}.Release|Any CPU.Build.0 = Release|Any CPU
	EndGlobalSection
	GlobalSection(SolutionProperties) = preSolution
		HideSolutionNode = FALSE
	EndGlobalSection
	GlobalSection(ExtensibilityGlobals) = postSolution
		SolutionGuid = {6DBAFB4A-6CF7-4AEE-940D-202314577197}
	EndGlobalSection
EndGlobal
